// !$*UTF8*$!
{
	archiveVersion = 1;
	classes = {
	};
	objectVersion = 56;
	objects = {

/* Begin PBXBuildFile section */
		130E64922B9143710099A7CE /* github_experimentApp.swift in Sources */ = {isa = PBXBuildFile; fileRef = 130E64912B9143710099A7CE /* github_experimentApp.swift */; };
		130E64942B9143710099A7CE /* ContentView.swift in Sources */ = {isa = PBXBuildFile; fileRef = 130E64932B9143710099A7CE /* ContentView.swift */; };
		130E64962B9143740099A7CE /* Assets.xcassets in Resources */ = {isa = PBXBuildFile; fileRef = 130E64952B9143740099A7CE /* Assets.xcassets */; };
		130E64992B9143740099A7CE /* Preview Assets.xcassets in Resources */ = {isa = PBXBuildFile; fileRef = 130E64982B9143740099A7CE /* Preview Assets.xcassets */; };
		130E64A32B9143740099A7CE /* github_experimentTests.swift in Sources */ = {isa = PBXBuildFile; fileRef = 130E64A22B9143740099A7CE /* github_experimentTests.swift */; };
		130E64AD2B9143740099A7CE /* github_experimentUITests.swift in Sources */ = {isa = PBXBuildFile; fileRef = 130E64AC2B9143740099A7CE /* github_experimentUITests.swift */; };
		130E64AF2B9143740099A7CE /* github_experimentUITestsLaunchTests.swift in Sources */ = {isa = PBXBuildFile; fileRef = 130E64AE2B9143740099A7CE /* github_experimentUITestsLaunchTests.swift */; };
/* End PBXBuildFile section */

/* Begin PBXContainerItemProxy section */
		130E649F2B9143740099A7CE /* PBXContainerItemProxy */ = {
			isa = PBXContainerItemProxy;
			containerPortal = 130E64862B9143710099A7CE /* Project object */;
			proxyType = 1;
			remoteGlobalIDString = 130E648D2B9143710099A7CE;
			remoteInfo = "github experiment";
		};
		130E64A92B9143740099A7CE /* PBXContainerItemProxy */ = {
			isa = PBXContainerItemProxy;
			containerPortal = 130E64862B9143710099A7CE /* Project object */;
			proxyType = 1;
			remoteGlobalIDString = 130E648D2B9143710099A7CE;
			remoteInfo = "github experiment";
		};
/* End PBXContainerItemProxy section */

/* Begin PBXFileReference section */
		130E648E2B9143710099A7CE /* github experiment.app */ = {isa = PBXFileReference; explicitFileType = wrapper.application; includeInIndex = 0; path = "github experiment.app"; sourceTree = BUILT_PRODUCTS_DIR; };
		130E64912B9143710099A7CE /* github_experimentApp.swift */ = {isa = PBXFileReference; lastKnownFileType = sourcecode.swift; path = github_experimentApp.swift; sourceTree = "<group>"; };
		130E64932B9143710099A7CE /* ContentView.swift */ = {isa = PBXFileReference; lastKnownFileType = sourcecode.swift; path = ContentView.swift; sourceTree = "<group>"; };
		130E64952B9143740099A7CE /* Assets.xcassets */ = {isa = PBXFileReference; lastKnownFileType = folder.assetcatalog; path = Assets.xcassets; sourceTree = "<group>"; };
		130E64982B9143740099A7CE /* Preview Assets.xcassets */ = {isa = PBXFileReference; lastKnownFileType = folder.assetcatalog; path = "Preview Assets.xcassets"; sourceTree = "<group>"; };
		130E649E2B9143740099A7CE /* github experimentTests.xctest */ = {isa = PBXFileReference; explicitFileType = wrapper.cfbundle; includeInIndex = 0; path = "github experimentTests.xctest"; sourceTree = BUILT_PRODUCTS_DIR; };
		130E64A22B9143740099A7CE /* github_experimentTests.swift */ = {isa = PBXFileReference; lastKnownFileType = sourcecode.swift; path = github_experimentTests.swift; sourceTree = "<group>"; };
		130E64A82B9143740099A7CE /* github experimentUITests.xctest */ = {isa = PBXFileReference; explicitFileType = wrapper.cfbundle; includeInIndex = 0; path = "github experimentUITests.xctest"; sourceTree = BUILT_PRODUCTS_DIR; };
		130E64AC2B9143740099A7CE /* github_experimentUITests.swift */ = {isa = PBXFileReference; lastKnownFileType = sourcecode.swift; path = github_experimentUITests.swift; sourceTree = "<group>"; };
		130E64AE2B9143740099A7CE /* github_experimentUITestsLaunchTests.swift */ = {isa = PBXFileReference; lastKnownFileType = sourcecode.swift; path = github_experimentUITestsLaunchTests.swift; sourceTree = "<group>"; };
/* End PBXFileReference section */

/* Begin PBXFrameworksBuildPhase section */
		130E648B2B9143710099A7CE /* Frameworks */ = {
			isa = PBXFrameworksBuildPhase;
			buildActionMask = 2147483647;
			files = (
			);
			runOnlyForDeploymentPostprocessing = 0;
		};
		130E649B2B9143740099A7CE /* Frameworks */ = {
			isa = PBXFrameworksBuildPhase;
			buildActionMask = 2147483647;
			files = (
			);
			runOnlyForDeploymentPostprocessing = 0;
		};
		130E64A52B9143740099A7CE /* Frameworks */ = {
			isa = PBXFrameworksBuildPhase;
			buildActionMask = 2147483647;
			files = (
			);
			runOnlyForDeploymentPostprocessing = 0;
		};
/* End PBXFrameworksBuildPhase section */

/* Begin PBXGroup section */
		130E64852B9143710099A7CE = {
			isa = PBXGroup;
			children = (
				130E64902B9143710099A7CE /* github experiment */,
				130E64A12B9143740099A7CE /* github experimentTests */,
				130E64AB2B9143740099A7CE /* github experimentUITests */,
				130E648F2B9143710099A7CE /* Products */,
			);
			sourceTree = "<group>";
		};
		130E648F2B9143710099A7CE /* Products */ = {
			isa = PBXGroup;
			children = (
				130E648E2B9143710099A7CE /* github experiment.app */,
				130E649E2B9143740099A7CE /* github experimentTests.xctest */,
				130E64A82B9143740099A7CE /* github experimentUITests.xctest */,
			);
			name = Products;
			sourceTree = "<group>";
		};
		130E64902B9143710099A7CE /* github experiment */ = {
			isa = PBXGroup;
			children = (
				130E64912B9143710099A7CE /* github_experimentApp.swift */,
				130E64932B9143710099A7CE /* ContentView.swift */,
				130E64952B9143740099A7CE /* Assets.xcassets */,
				130E64972B9143740099A7CE /* Preview Content */,
			);
			path = "github experiment";
			sourceTree = "<group>";
		};
		130E64972B9143740099A7CE /* Preview Content */ = {
			isa = PBXGroup;
			children = (
				130E64982B9143740099A7CE /* Preview Assets.xcassets */,
			);
			path = "Preview Content";
			sourceTree = "<group>";
		};
		130E64A12B9143740099A7CE /* github experimentTests */ = {
			isa = PBXGroup;
			children = (
				130E64A22B9143740099A7CE /* github_experimentTests.swift */,
			);
			path = "github experimentTests";
			sourceTree = "<group>";
		};
		130E64AB2B9143740099A7CE /* github experimentUITests */ = {
			isa = PBXGroup;
			children = (
				130E64AC2B9143740099A7CE /* github_experimentUITests.swift */,
				130E64AE2B9143740099A7CE /* github_experimentUITestsLaunchTests.swift */,
			);
			path = "github experimentUITests";
			sourceTree = "<group>";
		};
/* End PBXGroup section */

/* Begin PBXNativeTarget section */
		130E648D2B9143710099A7CE /* github experiment */ = {
			isa = PBXNativeTarget;
			buildConfigurationList = 130E64B22B9143740099A7CE /* Build configuration list for PBXNativeTarget "github experiment" */;
			buildPhases = (
				130E648A2B9143710099A7CE /* Sources */,
				130E648B2B9143710099A7CE /* Frameworks */,
				130E648C2B9143710099A7CE /* Resources */,
			);
			buildRules = (
			);
			dependencies = (
			);
			name = "github experiment";
			productName = "github experiment";
			productReference = 130E648E2B9143710099A7CE /* github experiment.app */;
			productType = "com.apple.product-type.application";
		};
		130E649D2B9143740099A7CE /* github experimentTests */ = {
			isa = PBXNativeTarget;
			buildConfigurationList = 130E64B52B9143740099A7CE /* Build configuration list for PBXNativeTarget "github experimentTests" */;
			buildPhases = (
				130E649A2B9143740099A7CE /* Sources */,
				130E649B2B9143740099A7CE /* Frameworks */,
				130E649C2B9143740099A7CE /* Resources */,
			);
			buildRules = (
			);
			dependencies = (
				130E64A02B9143740099A7CE /* PBXTargetDependency */,
			);
			name = "github experimentTests";
			productName = "github experimentTests";
			productReference = 130E649E2B9143740099A7CE /* github experimentTests.xctest */;
			productType = "com.apple.product-type.bundle.unit-test";
		};
		130E64A72B9143740099A7CE /* github experimentUITests */ = {
			isa = PBXNativeTarget;
			buildConfigurationList = 130E64B82B9143740099A7CE /* Build configuration list for PBXNativeTarget "github experimentUITests" */;
			buildPhases = (
				130E64A42B9143740099A7CE /* Sources */,
				130E64A52B9143740099A7CE /* Frameworks */,
				130E64A62B9143740099A7CE /* Resources */,
			);
			buildRules = (
			);
			dependencies = (
				130E64AA2B9143740099A7CE /* PBXTargetDependency */,
			);
			name = "github experimentUITests";
			productName = "github experimentUITests";
			productReference = 130E64A82B9143740099A7CE /* github experimentUITests.xctest */;
			productType = "com.apple.product-type.bundle.ui-testing";
		};
/* End PBXNativeTarget section */

/* Begin PBXProject section */
		130E64862B9143710099A7CE /* Project object */ = {
			isa = PBXProject;
			attributes = {
				BuildIndependentTargetsInParallel = 1;
				LastSwiftUpdateCheck = 1520;
				LastUpgradeCheck = 1520;
				TargetAttributes = {
					130E648D2B9143710099A7CE = {
						CreatedOnToolsVersion = 15.2;
					};
					130E649D2B9143740099A7CE = {
						CreatedOnToolsVersion = 15.2;
						TestTargetID = 130E648D2B9143710099A7CE;
					};
					130E64A72B9143740099A7CE = {
						CreatedOnToolsVersion = 15.2;
						TestTargetID = 130E648D2B9143710099A7CE;
					};
				};
			};
			buildConfigurationList = 130E64892B9143710099A7CE /* Build configuration list for PBXProject "github experiment" */;
			compatibilityVersion = "Xcode 14.0";
			developmentRegion = en;
			hasScannedForEncodings = 0;
			knownRegions = (
				en,
				Base,
			);
			mainGroup = 130E64852B9143710099A7CE;
			productRefGroup = 130E648F2B9143710099A7CE /* Products */;
			projectDirPath = "";
			projectRoot = "";
			targets = (
				130E648D2B9143710099A7CE /* github experiment */,
				130E649D2B9143740099A7CE /* github experimentTests */,
				130E64A72B9143740099A7CE /* github experimentUITests */,
			);
		};
/* End PBXProject section */

/* Begin PBXResourcesBuildPhase section */
		130E648C2B9143710099A7CE /* Resources */ = {
			isa = PBXResourcesBuildPhase;
			buildActionMask = 2147483647;
			files = (
				130E64992B9143740099A7CE /* Preview Assets.xcassets in Resources */,
				130E64962B9143740099A7CE /* Assets.xcassets in Resources */,
			);
			runOnlyForDeploymentPostprocessing = 0;
		};
		130E649C2B9143740099A7CE /* Resources */ = {
			isa = PBXResourcesBuildPhase;
			buildActionMask = 2147483647;
			files = (
			);
			runOnlyForDeploymentPostprocessing = 0;
		};
		130E64A62B9143740099A7CE /* Resources */ = {
			isa = PBXResourcesBuildPhase;
			buildActionMask = 2147483647;
			files = (
			);
			runOnlyForDeploymentPostprocessing = 0;
		};
/* End PBXResourcesBuildPhase section */

/* Begin PBXSourcesBuildPhase section */
		130E648A2B9143710099A7CE /* Sources */ = {
			isa = PBXSourcesBuildPhase;
			buildActionMask = 2147483647;
			files = (
				130E64942B9143710099A7CE /* ContentView.swift in Sources */,
				130E64922B9143710099A7CE /* github_experimentApp.swift in Sources */,
			);
			runOnlyForDeploymentPostprocessing = 0;
		};
		130E649A2B9143740099A7CE /* Sources */ = {
			isa = PBXSourcesBuildPhase;
			buildActionMask = 2147483647;
			files = (
				130E64A32B9143740099A7CE /* github_experimentTests.swift in Sources */,
			);
			runOnlyForDeploymentPostprocessing = 0;
		};
		130E64A42B9143740099A7CE /* Sources */ = {
			isa = PBXSourcesBuildPhase;
			buildActionMask = 2147483647;
			files = (
				130E64AF2B9143740099A7CE /* github_experimentUITestsLaunchTests.swift in Sources */,
				130E64AD2B9143740099A7CE /* github_experimentUITests.swift in Sources */,
			);
			runOnlyForDeploymentPostprocessing = 0;
		};
/* End PBXSourcesBuildPhase section */

/* Begin PBXTargetDependency section */
		130E64A02B9143740099A7CE /* PBXTargetDependency */ = {
			isa = PBXTargetDependency;
			target = 130E648D2B9143710099A7CE /* github experiment */;
			targetProxy = 130E649F2B9143740099A7CE /* PBXContainerItemProxy */;
		};
		130E64AA2B9143740099A7CE /* PBXTargetDependency */ = {
			isa = PBXTargetDependency;
			target = 130E648D2B9143710099A7CE /* github experiment */;
			targetProxy = 130E64A92B9143740099A7CE /* PBXContainerItemProxy */;
		};
/* End PBXTargetDependency section */

/* Begin XCBuildConfiguration section */
		130E64B02B9143740099A7CE /* Debug */ = {
			isa = XCBuildConfiguration;
			buildSettings = {
				ALWAYS_SEARCH_USER_PATHS = NO;
				ASSETCATALOG_COMPILER_GENERATE_SWIFT_ASSET_SYMBOL_EXTENSIONS = YES;
				CLANG_ANALYZER_NONNULL = YES;
				CLANG_ANALYZER_NUMBER_OBJECT_CONVERSION = YES_AGGRESSIVE;
				CLANG_CXX_LANGUAGE_STANDARD = "gnu++20";
				CLANG_ENABLE_MODULES = YES;
				CLANG_ENABLE_OBJC_ARC = YES;
				CLANG_ENABLE_OBJC_WEAK = YES;
				CLANG_WARN_BLOCK_CAPTURE_AUTORELEASING = YES;
				CLANG_WARN_BOOL_CONVERSION = YES;
				CLANG_WARN_COMMA = YES;
				CLANG_WARN_CONSTANT_CONVERSION = YES;
				CLANG_WARN_DEPRECATED_OBJC_IMPLEMENTATIONS = YES;
				CLANG_WARN_DIRECT_OBJC_ISA_USAGE = YES_ERROR;
				CLANG_WARN_DOCUMENTATION_COMMENTS = YES;
				CLANG_WARN_EMPTY_BODY = YES;
				CLANG_WARN_ENUM_CONVERSION = YES;
				CLANG_WARN_INFINITE_RECURSION = YES;
				CLANG_WARN_INT_CONVERSION = YES;
				CLANG_WARN_NON_LITERAL_NULL_CONVERSION = YES;
				CLANG_WARN_OBJC_IMPLICIT_RETAIN_SELF = YES;
				CLANG_WARN_OBJC_LITERAL_CONVERSION = YES;
				CLANG_WARN_OBJC_ROOT_CLASS = YES_ERROR;
				CLANG_WARN_QUOTED_INCLUDE_IN_FRAMEWORK_HEADER = YES;
				CLANG_WARN_RANGE_LOOP_ANALYSIS = YES;
				CLANG_WARN_STRICT_PROTOTYPES = YES;
				CLANG_WARN_SUSPICIOUS_MOVE = YES;
				CLANG_WARN_UNGUARDED_AVAILABILITY = YES_AGGRESSIVE;
				CLANG_WARN_UNREACHABLE_CODE = YES;
				CLANG_WARN__DUPLICATE_METHOD_MATCH = YES;
				COPY_PHASE_STRIP = NO;
				DEBUG_INFORMATION_FORMAT = dwarf;
				ENABLE_STRICT_OBJC_MSGSEND = YES;
				ENABLE_TESTABILITY = YES;
				ENABLE_USER_SCRIPT_SANDBOXING = YES;
				GCC_C_LANGUAGE_STANDARD = gnu17;
				GCC_DYNAMIC_NO_PIC = NO;
				GCC_NO_COMMON_BLOCKS = YES;
				GCC_OPTIMIZATION_LEVEL = 0;
				GCC_PREPROCESSOR_DEFINITIONS = (
					"DEBUG=1",
					"$(inherited)",
				);
				GCC_WARN_64_TO_32_BIT_CONVERSION = YES;
				GCC_WARN_ABOUT_RETURN_TYPE = YES_ERROR;
				GCC_WARN_UNDECLARED_SELECTOR = YES;
				GCC_WARN_UNINITIALIZED_AUTOS = YES_AGGRESSIVE;
				GCC_WARN_UNUSED_FUNCTION = YES;
				GCC_WARN_UNUSED_VARIABLE = YES;
				IPHONEOS_DEPLOYMENT_TARGET = 17.2;
				LOCALIZATION_PREFERS_STRING_CATALOGS = YES;
				MTL_ENABLE_DEBUG_INFO = INCLUDE_SOURCE;
				MTL_FAST_MATH = YES;
				ONLY_ACTIVE_ARCH = YES;
				SDKROOT = iphoneos;
				SWIFT_ACTIVE_COMPILATION_CONDITIONS = "DEBUG $(inherited)";
				SWIFT_OPTIMIZATION_LEVEL = "-Onone";
			};
			name = Debug;
		};
		130E64B12B9143740099A7CE /* Release */ = {
			isa = XCBuildConfiguration;
			buildSettings = {
				ALWAYS_SEARCH_USER_PATHS = NO;
				ASSETCATALOG_COMPILER_GENERATE_SWIFT_ASSET_SYMBOL_EXTENSIONS = YES;
				CLANG_ANALYZER_NONNULL = YES;
				CLANG_ANALYZER_NUMBER_OBJECT_CONVERSION = YES_AGGRESSIVE;
				CLANG_CXX_LANGUAGE_STANDARD = "gnu++20";
				CLANG_ENABLE_MODULES = YES;
				CLANG_ENABLE_OBJC_ARC = YES;
				CLANG_ENABLE_OBJC_WEAK = YES;
				CLANG_WARN_BLOCK_CAPTURE_AUTORELEASING = YES;
				CLANG_WARN_BOOL_CONVERSION = YES;
				CLANG_WARN_COMMA = YES;
				CLANG_WARN_CONSTANT_CONVERSION = YES;
				CLANG_WARN_DEPRECATED_OBJC_IMPLEMENTATIONS = YES;
				CLANG_WARN_DIRECT_OBJC_ISA_USAGE = YES_ERROR;
				CLANG_WARN_DOCUMENTATION_COMMENTS = YES;
				CLANG_WARN_EMPTY_BODY = YES;
				CLANG_WARN_ENUM_CONVERSION = YES;
				CLANG_WARN_INFINITE_RECURSION = YES;
				CLANG_WARN_INT_CONVERSION = YES;
				CLANG_WARN_NON_LITERAL_NULL_CONVERSION = YES;
				CLANG_WARN_OBJC_IMPLICIT_RETAIN_SELF = YES;
				CLANG_WARN_OBJC_LITERAL_CONVERSION = YES;
				CLANG_WARN_OBJC_ROOT_CLASS = YES_ERROR;
				CLANG_WARN_QUOTED_INCLUDE_IN_FRAMEWORK_HEADER = YES;
				CLANG_WARN_RANGE_LOOP_ANALYSIS = YES;
				CLANG_WARN_STRICT_PROTOTYPES = YES;
				CLANG_WARN_SUSPICIOUS_MOVE = YES;
				CLANG_WARN_UNGUARDED_AVAILABILITY = YES_AGGRESSIVE;
				CLANG_WARN_UNREACHABLE_CODE = YES;
				CLANG_WARN__DUPLICATE_METHOD_MATCH = YES;
				COPY_PHASE_STRIP = NO;
				DEBUG_INFORMATION_FORMAT = "dwarf-with-dsym";
				ENABLE_NS_ASSERTIONS = NO;
				ENABLE_STRICT_OBJC_MSGSEND = YES;
				ENABLE_USER_SCRIPT_SANDBOXING = YES;
				GCC_C_LANGUAGE_STANDARD = gnu17;
				GCC_NO_COMMON_BLOCKS = YES;
				GCC_WARN_64_TO_32_BIT_CONVERSION = YES;
				GCC_WARN_ABOUT_RETURN_TYPE = YES_ERROR;
				GCC_WARN_UNDECLARED_SELECTOR = YES;
				GCC_WARN_UNINITIALIZED_AUTOS = YES_AGGRESSIVE;
				GCC_WARN_UNUSED_FUNCTION = YES;
				GCC_WARN_UNUSED_VARIABLE = YES;
				IPHONEOS_DEPLOYMENT_TARGET = 17.2;
				LOCALIZATION_PREFERS_STRING_CATALOGS = YES;
				MTL_ENABLE_DEBUG_INFO = NO;
				MTL_FAST_MATH = YES;
				SDKROOT = iphoneos;
				SWIFT_COMPILATION_MODE = wholemodule;
				VALIDATE_PRODUCT = YES;
			};
			name = Release;
		};
		130E64B32B9143740099A7CE /* Debug */ = {
			isa = XCBuildConfiguration;
			buildSettings = {
				ASSETCATALOG_COMPILER_APPICON_NAME = AppIcon;
				ASSETCATALOG_COMPILER_GLOBAL_ACCENT_COLOR_NAME = AccentColor;
				CODE_SIGN_STYLE = Automatic;
				CURRENT_PROJECT_VERSION = 1;
				DEVELOPMENT_ASSET_PATHS = "\"github experiment/Preview Content\"";
				DEVELOPMENT_TEAM = N7V2AX9VQK;
				ENABLE_PREVIEWS = YES;
				GENERATE_INFOPLIST_FILE = YES;
				INFOPLIST_KEY_UIApplicationSceneManifest_Generation = YES;
				INFOPLIST_KEY_UIApplicationSupportsIndirectInputEvents = YES;
				INFOPLIST_KEY_UILaunchScreen_Generation = YES;
				INFOPLIST_KEY_UISupportedInterfaceOrientations_iPad = "UIInterfaceOrientationPortrait UIInterfaceOrientationPortraitUpsideDown UIInterfaceOrientationLandscapeLeft UIInterfaceOrientationLandscapeRight";
				INFOPLIST_KEY_UISupportedInterfaceOrientations_iPhone = "UIInterfaceOrientationPortrait UIInterfaceOrientationLandscapeLeft UIInterfaceOrientationLandscapeRight";
				LD_RUNPATH_SEARCH_PATHS = (
					"$(inherited)",
					"@executable_path/Frameworks",
				);
				MARKETING_VERSION = 1.0;
				PRODUCT_BUNDLE_IDENTIFIER = "BB2.github-experiment";
				PRODUCT_NAME = "$(TARGET_NAME)";
				SWIFT_EMIT_LOC_STRINGS = YES;
				SWIFT_VERSION = 5.0;
				TARGETED_DEVICE_FAMILY = "1,2";
			};
			name = Debug;
		};
		130E64B42B9143740099A7CE /* Release */ = {
			isa = XCBuildConfiguration;
			buildSettings = {
				ASSETCATALOG_COMPILER_APPICON_NAME = AppIcon;
				ASSETCATALOG_COMPILER_GLOBAL_ACCENT_COLOR_NAME = AccentColor;
				CODE_SIGN_STYLE = Automatic;
				CURRENT_PROJECT_VERSION = 1;
				DEVELOPMENT_ASSET_PATHS = "\"github experiment/Preview Content\"";
				DEVELOPMENT_TEAM = N7V2AX9VQK;
				ENABLE_PREVIEWS = YES;
				GENERATE_INFOPLIST_FILE = YES;
				INFOPLIST_KEY_UIApplicationSceneManifest_Generation = YES;
				INFOPLIST_KEY_UIApplicationSupportsIndirectInputEvents = YES;
				INFOPLIST_KEY_UILaunchScreen_Generation = YES;
				INFOPLIST_KEY_UISupportedInterfaceOrientations_iPad = "UIInterfaceOrientationPortrait UIInterfaceOrientationPortraitUpsideDown UIInterfaceOrientationLandscapeLeft UIInterfaceOrientationLandscapeRight";
				INFOPLIST_KEY_UISupportedInterfaceOrientations_iPhone = "UIInterfaceOrientationPortrait UIInterfaceOrientationLandscapeLeft UIInterfaceOrientationLandscapeRight";
				LD_RUNPATH_SEARCH_PATHS = (
					"$(inherited)",
					"@executable_path/Frameworks",
				);
				MARKETING_VERSION = 1.0;
				PRODUCT_BUNDLE_IDENTIFIER = "BB2.github-experiment";
				PRODUCT_NAME = "$(TARGET_NAME)";
				SWIFT_EMIT_LOC_STRINGS = YES;
				SWIFT_VERSION = 5.0;
				TARGETED_DEVICE_FAMILY = "1,2";
			};
			name = Release;
		};
		130E64B62B9143740099A7CE /* Debug */ = {
			isa = XCBuildConfiguration;
			buildSettings = {
				ALWAYS_EMBED_SWIFT_STANDARD_LIBRARIES = YES;
				BUNDLE_LOADER = "$(TEST_HOST)";
				CODE_SIGN_STYLE = Automatic;
				CURRENT_PROJECT_VERSION = 1;
				DEVELOPMENT_TEAM = N7V2AX9VQK;
				GENERATE_INFOPLIST_FILE = YES;
				IPHONEOS_DEPLOYMENT_TARGET = 17.2;
				MARKETING_VERSION = 1.0;
				PRODUCT_BUNDLE_IDENTIFIER = "BB2.github-experimentTests";
				PRODUCT_NAME = "$(TARGET_NAME)";
				SWIFT_EMIT_LOC_STRINGS = NO;
				SWIFT_VERSION = 5.0;
				TARGETED_DEVICE_FAMILY = "1,2";
				TEST_HOST = "$(BUILT_PRODUCTS_DIR)/github experiment.app/$(BUNDLE_EXECUTABLE_FOLDER_PATH)/github experiment";
			};
			name = Debug;
		};
		130E64B72B9143740099A7CE /* Release */ = {
			isa = XCBuildConfiguration;
			buildSettings = {
				ALWAYS_EMBED_SWIFT_STANDARD_LIBRARIES = YES;
				BUNDLE_LOADER = "$(TEST_HOST)";
				CODE_SIGN_STYLE = Automatic;
				CURRENT_PROJECT_VERSION = 1;
				DEVELOPMENT_TEAM = N7V2AX9VQK;
				GENERATE_INFOPLIST_FILE = YES;
				IPHONEOS_DEPLOYMENT_TARGET = 17.2;
				MARKETING_VERSION = 1.0;
				PRODUCT_BUNDLE_IDENTIFIER = "BB2.github-experimentTests";
				PRODUCT_NAME = "$(TARGET_NAME)";
				SWIFT_EMIT_LOC_STRINGS = NO;
				SWIFT_VERSION = 5.0;
				TARGETED_DEVICE_FAMILY = "1,2";
				TEST_HOST = "$(BUILT_PRODUCTS_DIR)/github experiment.app/$(BUNDLE_EXECUTABLE_FOLDER_PATH)/github experiment";
			};
			name = Release;
		};
		130E64B92B9143740099A7CE /* Debug */ = {
			isa = XCBuildConfiguration;
			buildSettings = {
				ALWAYS_EMBED_SWIFT_STANDARD_LIBRARIES = YES;
				CODE_SIGN_STYLE = Automatic;
				CURRENT_PROJECT_VERSION = 1;
				DEVELOPMENT_TEAM = N7V2AX9VQK;
				GENERATE_INFOPLIST_FILE = YES;
				MARKETING_VERSION = 1.0;
				PRODUCT_BUNDLE_IDENTIFIER = "BB2.github-experimentUITests";
				PRODUCT_NAME = "$(TARGET_NAME)";
				SWIFT_EMIT_LOC_STRINGS = NO;
				SWIFT_VERSION = 5.0;
				TARGETED_DEVICE_FAMILY = "1,2";
				TEST_TARGET_NAME = "github experiment";
			};
			name = Debug;
		};
		130E64BA2B9143740099A7CE /* Release */ = {
			isa = XCBuildConfiguration;
			buildSettings = {
				ALWAYS_EMBED_SWIFT_STANDARD_LIBRARIES = YES;
				CODE_SIGN_STYLE = Automatic;
				CURRENT_PROJECT_VERSION = 1;
				DEVELOPMENT_TEAM = N7V2AX9VQK;
				GENERATE_INFOPLIST_FILE = YES;
				MARKETING_VERSION = 1.0;
				PRODUCT_BUNDLE_IDENTIFIER = "BB2.github-experimentUITests";
				PRODUCT_NAME = "$(TARGET_NAME)";
				SWIFT_EMIT_LOC_STRINGS = NO;
				SWIFT_VERSION = 5.0;
				TARGETED_DEVICE_FAMILY = "1,2";
				TEST_TARGET_NAME = "github experiment";
			};
			name = Release;
		};
/* End XCBuildConfiguration section */

/* Begin XCConfigurationList section */
		130E64892B9143710099A7CE /* Build configuration list for PBXProject "github experiment" */ = {
			isa = XCConfigurationList;
			buildConfigurations = (
				130E64B02B9143740099A7CE /* Debug */,
				130E64B12B9143740099A7CE /* Release */,
			);
			defaultConfigurationIsVisible = 0;
			defaultConfigurationName = Release;
		};
		130E64B22B9143740099A7CE /* Build configuration list for PBXNativeTarget "github experiment" */ = {
			isa = XCConfigurationList;
			buildConfigurations = (
				130E64B32B9143740099A7CE /* Debug */,
				130E64B42B9143740099A7CE /* Release */,
			);
			defaultConfigurationIsVisible = 0;
			defaultConfigurationName = Release;
		};
		130E64B52B9143740099A7CE /* Build configuration list for PBXNativeTarget "github experimentTests" */ = {
			isa = XCConfigurationList;
			buildConfigurations = (
				130E64B62B9143740099A7CE /* Debug */,
				130E64B72B9143740099A7CE /* Release */,
			);
			defaultConfigurationIsVisible = 0;
			defaultConfigurationName = Release;
		};
		130E64B82B9143740099A7CE /* Build configuration list for PBXNativeTarget "github experimentUITests" */ = {
			isa = XCConfigurationList;
			buildConfigurations = (
				130E64B92B9143740099A7CE /* Debug */,
				130E64BA2B9143740099A7CE /* Release */,
			);
			defaultConfigurationIsVisible = 0;
			defaultConfigurationName = Release;
		};
/* End XCConfigurationList section */
	};
	rootObject = 130E64862B9143710099A7CE /* Project object */;
}
